
Microsoft Visual Studio Solution File, Format Version 12.00
# Visual Studio Version 16
VisualStudioVersion = 16.0.32802.440
MinimumVisualStudioVersion = 10.0.40219.1
Project("{FAE04EC0-301F-11D3-BF4B-00C04F79EFBC}") = "LinkedListSerialization", "LinkedListSerialization\LinkedListSerialization.csproj", "{69A991F6-2F4A-43F3-969E-3AD7346935BB}"
EndProject
Global
	GlobalSection(SolutionConfigurationPlatforms) = preSolution
		Debug|Any CPU = Debug|Any CPU
		Release|Any CPU = Release|Any CPU
	EndGlobalSection
	GlobalSection(ProjectConfigurationPlatforms) = postSolution
		{69A991F6-2F4A-43F3-969E-3AD7346935BB}.Debug|Any CPU.ActiveCfg = Debug|Any CPU
		{69A991F6-2F4A-43F3-969E-3AD7346935BB}.Debug|Any CPU.Build.0 = Debug|Any CPU
		{69A991F6-2F4A-43F3-969E-3AD7346935BB}.Release|Any CPU.ActiveCfg = Release|Any CPU
		{69A991F6-2F4A-43F3-969E-3AD7346935BB}.Release|Any CPU.Build.0 = Release|Any CPU
	EndGlobalSection
	GlobalSection(SolutionProperties) = preSolution
		HideSolutionNode = FALSE
	EndGlobalSection
	GlobalSection(ExtensibilityGlobals) = postSolution
		SolutionGuid = {89EEA6F1-1F84-4C74-955A-B7B6DE8BEA47}
	EndGlobalSection
EndGlobal
